
Microsoft Visual Studio Solution File, Format Version 12.00
# Visual Studio 15
VisualStudioVersion = 15.0.27130.2027
MinimumVisualStudioVersion = 10.0.40219.1
Project("{8BC9CEB8-8B4A-11D0-8D11-00A0C91BC942}") = "vector", "vector\vector.vcxproj", "{513B8437-132D-4E40-BE14-DC0B8D14D945}"
EndProject
Project("{8BC9CEB8-8B4A-11D0-8D11-00A0C91BC942}") = "VectorTests", "VectorTests\VectorTests.vcxproj", "{40D6BCDF-181E-4C7A-B7FD-D40144B46E41}"
EndProject
Project("{8BC9CEB8-8B4A-11D0-8D11-00A0C91BC942}") = "HTML_Decode", "HTML_Decode\HTML_Decode.vcxproj", "{0C20282D-ED34-4264-A17F-752AF2094399}"
EndProject
Project("{8BC9CEB8-8B4A-11D0-8D11-00A0C91BC942}") = "HTML_DecodeTests", "HTML_DecodeTests\HTML_DecodeTests.vcxproj", "{58EFA941-B2C9-4249-A2AB-31F69A3BCE20}"
EndProject
Global
	GlobalSection(SolutionConfigurationPlatforms) = preSolution
		Debug|x64 = Debug|x64
		Debug|x86 = Debug|x86
		Release|x64 = Release|x64
		Release|x86 = Release|x86
	EndGlobalSection
	GlobalSection(ProjectConfigurationPlatforms) = postSolution
		{513B8437-132D-4E40-BE14-DC0B8D14D945}.Debug|x64.ActiveCfg = Debug|x64
		{513B8437-132D-4E40-BE14-DC0B8D14D945}.Debug|x64.Build.0 = Debug|x64
		{513B8437-132D-4E40-BE14-DC0B8D14D945}.Debug|x86.ActiveCfg = Debug|Win32
		{513B8437-132D-4E40-BE14-DC0B8D14D945}.Debug|x86.Build.0 = Debug|Win32
		{513B8437-132D-4E40-BE14-DC0B8D14D945}.Release|x64.ActiveCfg = Release|x64
		{513B8437-132D-4E40-BE14-DC0B8D14D945}.Release|x64.Build.0 = Release|x64
		{513B8437-132D-4E40-BE14-DC0B8D14D945}.Release|x86.ActiveCfg = Release|Win32
		{513B8437-132D-4E40-BE14-DC0B8D14D945}.Release|x86.Build.0 = Release|Win32
		{40D6BCDF-181E-4C7A-B7FD-D40144B46E41}.Debug|x64.ActiveCfg = Debug|x64
		{40D6BCDF-181E-4C7A-B7FD-D40144B46E41}.Debug|x64.Build.0 = Debug|x64
		{40D6BCDF-181E-4C7A-B7FD-D40144B46E41}.Debug|x86.ActiveCfg = Debug|Win32
		{40D6BCDF-181E-4C7A-B7FD-D40144B46E41}.Debug|x86.Build.0 = Debug|Win32
		{40D6BCDF-181E-4C7A-B7FD-D40144B46E41}.Release|x64.ActiveCfg = Release|x64
		{40D6BCDF-181E-4C7A-B7FD-D40144B46E41}.Release|x64.Build.0 = Release|x64
		{40D6BCDF-181E-4C7A-B7FD-D40144B46E41}.Release|x86.ActiveCfg = Release|Win32
		{40D6BCDF-181E-4C7A-B7FD-D40144B46E41}.Release|x86.Build.0 = Release|Win32
		{0C20282D-ED34-4264-A17F-752AF2094399}.Debug|x64.ActiveCfg = Debug|x64
		{0C20282D-ED34-4264-A17F-752AF2094399}.Debug|x64.Build.0 = Debug|x64
		{0C20282D-ED34-4264-A17F-752AF2094399}.Debug|x86.ActiveCfg = Debug|Win32
		{0C20282D-ED34-4264-A17F-752AF2094399}.Debug|x86.Build.0 = Debug|Win32
		{0C20282D-ED34-4264-A17F-752AF2094399}.Release|x64.ActiveCfg = Release|x64
		{0C20282D-ED34-4264-A17F-752AF2094399}.Release|x64.Build.0 = Release|x64
		{0C20282D-ED34-4264-A17F-752AF2094399}.Release|x86.ActiveCfg = Release|Win32
		{0C20282D-ED34-4264-A17F-752AF2094399}.Release|x86.Build.0 = Release|Win32
		{58EFA941-B2C9-4249-A2AB-31F69A3BCE20}.Debug|x64.ActiveCfg = Debug|x64
		{58EFA941-B2C9-4249-A2AB-31F69A3BCE20}.Debug|x64.Build.0 = Debug|x64
		{58EFA941-B2C9-4249-A2AB-31F69A3BCE20}.Debug|x86.ActiveCfg = Debug|Win32
		{58EFA941-B2C9-4249-A2AB-31F69A3BCE20}.Debug|x86.Build.0 = Debug|Win32
		{58EFA941-B2C9-4249-A2AB-31F69A3BCE20}.Release|x64.ActiveCfg = Release|x64
		{58EFA941-B2C9-4249-A2AB-31F69A3BCE20}.Release|x64.Build.0 = Release|x64
		{58EFA941-B2C9-4249-A2AB-31F69A3BCE20}.Release|x86.ActiveCfg = Release|Win32
		{58EFA941-B2C9-4249-A2AB-31F69A3BCE20}.Release|x86.Build.0 = Release|Win32
	EndGlobalSection
	GlobalSection(SolutionProperties) = preSolution
		HideSolutionNode = FALSE
	EndGlobalSection
	GlobalSection(ExtensibilityGlobals) = postSolution
		SolutionGuid = {C0BE4542-AFDE-4A7C-A3B9-F96D1159A14C}
	EndGlobalSection
EndGlobal
